
Microsoft Visual Studio Solution File, Format Version 12.00
# Visual Studio Version 16
VisualStudioVersion = 16.0.30907.101
MinimumVisualStudioVersion = 10.0.40219.1
Project("{9A19103F-16F7-4668-BE54-9A1E7A4F7556}") = "Spreetail.WorkSample", "Spreetail\Spreetail.WorkSample.csproj", "{5913899D-EC97-42C4-8A7D-3022F21F9F00}"
EndProject
Project("{FAE04EC0-301F-11D3-BF4B-00C04F79EFBC}") = "Spreetail.WorkSample.Tests", "Spreetail.WorkSample.Tests\Spreetail.WorkSample.Tests.csproj", "{B9B96CA3-A959-40E1-B521-73C02CF387EF}"
EndProject
Global
	GlobalSection(SolutionConfigurationPlatforms) = preSolution
		Debug|Any CPU = Debug|Any CPU
		Release|Any CPU = Release|Any CPU
	EndGlobalSection
	GlobalSection(ProjectConfigurationPlatforms) = postSolution
		{5913899D-EC97-42C4-8A7D-3022F21F9F00}.Debug|Any CPU.ActiveCfg = Debug|Any CPU
		{5913899D-EC97-42C4-8A7D-3022F21F9F00}.Debug|Any CPU.Build.0 = Debug|Any CPU
		{5913899D-EC97-42C4-8A7D-3022F21F9F00}.Release|Any CPU.ActiveCfg = Release|Any CPU
		{5913899D-EC97-42C4-8A7D-3022F21F9F00}.Release|Any CPU.Build.0 = Release|Any CPU
		{B9B96CA3-A959-40E1-B521-73C02CF387EF}.Debug|Any CPU.ActiveCfg = Debug|Any CPU
		{B9B96CA3-A959-40E1-B521-73C02CF387EF}.Debug|Any CPU.Build.0 = Debug|Any CPU
		{B9B96CA3-A959-40E1-B521-73C02CF387EF}.Release|Any CPU.ActiveCfg = Release|Any CPU
		{B9B96CA3-A959-40E1-B521-73C02CF387EF}.Release|Any CPU.Build.0 = Release|Any CPU
	EndGlobalSection
	GlobalSection(SolutionProperties) = preSolution
		HideSolutionNode = FALSE
	EndGlobalSection
	GlobalSection(ExtensibilityGlobals) = postSolution
		SolutionGuid = {FBA0B311-CF23-4740-BFD7-128FC2AECCB2}
	EndGlobalSection
EndGlobal
